
Microsoft Visual Studio Solution File, Format Version 12.00
# Visual Studio Version 16
VisualStudioVersion = 16.0.31112.23
MinimumVisualStudioVersion = 10.0.40219.1
Project("{8BC9CEB8-8B4A-11D0-8D11-00A0C91BC942}") = "primer function", "primer function\primer function.vcxproj", "{762CAC19-81F9-4B34-B8AD-7859E4646587}"
EndProject
Global
	GlobalSection(SolutionConfigurationPlatforms) = preSolution
		Debug|x64 = Debug|x64
		Debug|x86 = Debug|x86
		Release|x64 = Release|x64
		Release|x86 = Release|x86
	EndGlobalSection
	GlobalSection(ProjectConfigurationPlatforms) = postSolution
		{762CAC19-81F9-4B34-B8AD-7859E4646587}.Debug|x64.ActiveCfg = Debug|x64
		{762CAC19-81F9-4B34-B8AD-7859E4646587}.Debug|x64.Build.0 = Debug|x64
		{762CAC19-81F9-4B34-B8AD-7859E4646587}.Debug|x86.ActiveCfg = Debug|Win32
		{762CAC19-81F9-4B34-B8AD-7859E4646587}.Debug|x86.Build.0 = Debug|Win32
		{762CAC19-81F9-4B34-B8AD-7859E4646587}.Release|x64.ActiveCfg = Release|x64
		{762CAC19-81F9-4B34-B8AD-7859E4646587}.Release|x64.Build.0 = Release|x64
		{762CAC19-81F9-4B34-B8AD-7859E4646587}.Release|x86.ActiveCfg = Release|Win32
		{762CAC19-81F9-4B34-B8AD-7859E4646587}.Release|x86.Build.0 = Release|Win32
	EndGlobalSection
	GlobalSection(SolutionProperties) = preSolution
		HideSolutionNode = FALSE
	EndGlobalSection
	GlobalSection(ExtensibilityGlobals) = postSolution
		SolutionGuid = {DF726720-49B2-4F4D-86AA-1B8624F68F0D}
	EndGlobalSection
EndGlobal
